// !$*UTF8*$!
{
	archiveVersion = 1;
	classes = {
	};
	objectVersion = 55;
	objects = {

/* Begin PBXBuildFile section */
		67084F1F290F8CF600D71B43 /* AddCategoryProductViewController.swift in Sources */ = {isa = PBXBuildFile; fileRef = 67084F1E290F8CF600D71B43 /* AddCategoryProductViewController.swift */; };
		67084F22290FA14D00D71B43 /* CategoryNode.swift in Sources */ = {isa = PBXBuildFile; fileRef = 67084F21290FA14D00D71B43 /* CategoryNode.swift */; };
		67084F24290FA1B200D71B43 /* CategoryCollectionNode.swift in Sources */ = {isa = PBXBuildFile; fileRef = 67084F23290FA1B200D71B43 /* CategoryCollectionNode.swift */; };
		6793F1C028FEEAC600B84B5B /* AppDelegate.swift in Sources */ = {isa = PBXBuildFile; fileRef = 6793F1BF28FEEAC600B84B5B /* AppDelegate.swift */; };
		6793F1C228FEEAC600B84B5B /* SceneDelegate.swift in Sources */ = {isa = PBXBuildFile; fileRef = 6793F1C128FEEAC600B84B5B /* SceneDelegate.swift */; };
		6793F1C928FEEAC800B84B5B /* Assets.xcassets in Resources */ = {isa = PBXBuildFile; fileRef = 6793F1C828FEEAC800B84B5B /* Assets.xcassets */; };
		6793F1CC28FEEAC800B84B5B /* LaunchScreen.storyboard in Resources */ = {isa = PBXBuildFile; fileRef = 6793F1CA28FEEAC800B84B5B /* LaunchScreen.storyboard */; };
		67C0B55F28FF8A7000644C22 /* MyTabBarViewController.swift in Sources */ = {isa = PBXBuildFile; fileRef = 67C0B55E28FF8A7000644C22 /* MyTabBarViewController.swift */; };
		67C0B56228FF8B7B00644C22 /* HomeViewController.swift in Sources */ = {isa = PBXBuildFile; fileRef = 67C0B56128FF8B7B00644C22 /* HomeViewController.swift */; };
		67C0B56828FF8CDB00644C22 /* WelcomeViewController.swift in Sources */ = {isa = PBXBuildFile; fileRef = 67C0B56728FF8CDB00644C22 /* WelcomeViewController.swift */; };
		67C0B56A28FF8D3F00644C22 /* ProfileViewController.swift in Sources */ = {isa = PBXBuildFile; fileRef = 67C0B56928FF8D3F00644C22 /* ProfileViewController.swift */; };
		67C0B56C28FF966000644C22 /* GoogleService-Info.plist in Resources */ = {isa = PBXBuildFile; fileRef = 67C0B56B28FF966000644C22 /* GoogleService-Info.plist */; };
		67C0B56E28FFA7DF00644C22 /* Externsions.swift in Sources */ = {isa = PBXBuildFile; fileRef = 67C0B56D28FFA7DF00644C22 /* Externsions.swift */; };
		67C0B57028FFABE300644C22 /* LoginViewController.swift in Sources */ = {isa = PBXBuildFile; fileRef = 67C0B56F28FFABE300644C22 /* LoginViewController.swift */; };
		67C0B57428FFD84400644C22 /* DatabaseManager.swift in Sources */ = {isa = PBXBuildFile; fileRef = 67C0B57328FFD84400644C22 /* DatabaseManager.swift */; };
		67C0B57628FFDB5800644C22 /* RegisterViewController.swift in Sources */ = {isa = PBXBuildFile; fileRef = 67C0B57528FFDB5800644C22 /* RegisterViewController.swift */; };
		67C0B5782900E16100644C22 /* StorageManager.swift in Sources */ = {isa = PBXBuildFile; fileRef = 67C0B5772900E16100644C22 /* StorageManager.swift */; };
		67ED62E629062ACA00736D0C /* ItemCardCollectionNode.swift in Sources */ = {isa = PBXBuildFile; fileRef = 67ED62E529062ACA00736D0C /* ItemCardCollectionNode.swift */; };
		67ED62E92906385300736D0C /* ItemModel.swift in Sources */ = {isa = PBXBuildFile; fileRef = 67ED62E82906385300736D0C /* ItemModel.swift */; };
		67ED62EB29063CB900736D0C /* DataGenerator.swift in Sources */ = {isa = PBXBuildFile; fileRef = 67ED62EA29063CB900736D0C /* DataGenerator.swift */; };
		67EDEA792907698D008BC5A8 /* ItemNode.swift in Sources */ = {isa = PBXBuildFile; fileRef = 67EDEA782907698D008BC5A8 /* ItemNode.swift */; };
		67EDEA7C29077804008BC5A8 /* StoryModel.swift in Sources */ = {isa = PBXBuildFile; fileRef = 67EDEA7B29077804008BC5A8 /* StoryModel.swift */; };
		67EDEA7E2907785D008BC5A8 /* StoryNode.swift in Sources */ = {isa = PBXBuildFile; fileRef = 67EDEA7D2907785D008BC5A8 /* StoryNode.swift */; };
		67EDEA802907786D008BC5A8 /* StoryCollectionNode.swift in Sources */ = {isa = PBXBuildFile; fileRef = 67EDEA7F2907786D008BC5A8 /* StoryCollectionNode.swift */; };
		67EDEA852908C506008BC5A8 /* AddProductViewController.swift in Sources */ = {isa = PBXBuildFile; fileRef = 67EDEA842908C506008BC5A8 /* AddProductViewController.swift */; };
		67EDEA88290A4398008BC5A8 /* CustomTabBar.swift in Sources */ = {isa = PBXBuildFile; fileRef = 67EDEA86290A1B35008BC5A8 /* CustomTabBar.swift */; };
		67EDEA8B290AA0DE008BC5A8 /* SearchNode.swift in Sources */ = {isa = PBXBuildFile; fileRef = 67EDEA8A290AA0DE008BC5A8 /* SearchNode.swift */; };
		67EDEA8D290AA4CE008BC5A8 /* TextFieldNode.swift in Sources */ = {isa = PBXBuildFile; fileRef = 67EDEA8C290AA4CE008BC5A8 /* TextFieldNode.swift */; };
		CDB623A01BA4DE93F9813D0D /* Pods_Arpegio.framework in Frameworks */ = {isa = PBXBuildFile; fileRef = 4D82085D807D28C7EEB16741 /* Pods_Arpegio.framework */; };
/* End PBXBuildFile section */

/* Begin PBXFileReference section */
		1701FB231AB967FF284F611E /* Pods-Arpegio.debug.xcconfig */ = {isa = PBXFileReference; includeInIndex = 1; lastKnownFileType = text.xcconfig; name = "Pods-Arpegio.debug.xcconfig"; path = "Target Support Files/Pods-Arpegio/Pods-Arpegio.debug.xcconfig"; sourceTree = "<group>"; };
		4D82085D807D28C7EEB16741 /* Pods_Arpegio.framework */ = {isa = PBXFileReference; explicitFileType = wrapper.framework; includeInIndex = 0; path = Pods_Arpegio.framework; sourceTree = BUILT_PRODUCTS_DIR; };
		67084F1E290F8CF600D71B43 /* AddCategoryProductViewController.swift */ = {isa = PBXFileReference; lastKnownFileType = sourcecode.swift; path = AddCategoryProductViewController.swift; sourceTree = "<group>"; };
		67084F21290FA14D00D71B43 /* CategoryNode.swift */ = {isa = PBXFileReference; lastKnownFileType = sourcecode.swift; path = CategoryNode.swift; sourceTree = "<group>"; };
		67084F23290FA1B200D71B43 /* CategoryCollectionNode.swift */ = {isa = PBXFileReference; lastKnownFileType = sourcecode.swift; path = CategoryCollectionNode.swift; sourceTree = "<group>"; };
		6793F1BC28FEEAC600B84B5B /* Arpegio.app */ = {isa = PBXFileReference; explicitFileType = wrapper.application; includeInIndex = 0; path = Arpegio.app; sourceTree = BUILT_PRODUCTS_DIR; };
		6793F1BF28FEEAC600B84B5B /* AppDelegate.swift */ = {isa = PBXFileReference; lastKnownFileType = sourcecode.swift; path = AppDelegate.swift; sourceTree = "<group>"; };
		6793F1C128FEEAC600B84B5B /* SceneDelegate.swift */ = {isa = PBXFileReference; lastKnownFileType = sourcecode.swift; path = SceneDelegate.swift; sourceTree = "<group>"; };
		6793F1C828FEEAC800B84B5B /* Assets.xcassets */ = {isa = PBXFileReference; lastKnownFileType = folder.assetcatalog; path = Assets.xcassets; sourceTree = "<group>"; };
		6793F1CB28FEEAC800B84B5B /* Base */ = {isa = PBXFileReference; lastKnownFileType = file.storyboard; name = Base; path = Base.lproj/LaunchScreen.storyboard; sourceTree = "<group>"; };
		6793F1CD28FEEAC800B84B5B /* Info.plist */ = {isa = PBXFileReference; lastKnownFileType = text.plist.xml; path = Info.plist; sourceTree = "<group>"; };
		67C0B55E28FF8A7000644C22 /* MyTabBarViewController.swift */ = {isa = PBXFileReference; lastKnownFileType = sourcecode.swift; path = MyTabBarViewController.swift; sourceTree = "<group>"; };
		67C0B56128FF8B7B00644C22 /* HomeViewController.swift */ = {isa = PBXFileReference; lastKnownFileType = sourcecode.swift; path = HomeViewController.swift; sourceTree = "<group>"; };
		67C0B56728FF8CDB00644C22 /* WelcomeViewController.swift */ = {isa = PBXFileReference; lastKnownFileType = sourcecode.swift; path = WelcomeViewController.swift; sourceTree = "<group>"; };
		67C0B56928FF8D3F00644C22 /* ProfileViewController.swift */ = {isa = PBXFileReference; lastKnownFileType = sourcecode.swift; path = ProfileViewController.swift; sourceTree = "<group>"; };
		67C0B56B28FF966000644C22 /* GoogleService-Info.plist */ = {isa = PBXFileReference; fileEncoding = 4; lastKnownFileType = text.plist.xml; path = "GoogleService-Info.plist"; sourceTree = "<group>"; };
		67C0B56D28FFA7DF00644C22 /* Externsions.swift */ = {isa = PBXFileReference; lastKnownFileType = sourcecode.swift; path = Externsions.swift; sourceTree = "<group>"; };
		67C0B56F28FFABE300644C22 /* LoginViewController.swift */ = {isa = PBXFileReference; lastKnownFileType = sourcecode.swift; path = LoginViewController.swift; sourceTree = "<group>"; };
		67C0B57328FFD84400644C22 /* DatabaseManager.swift */ = {isa = PBXFileReference; lastKnownFileType = sourcecode.swift; path = DatabaseManager.swift; sourceTree = "<group>"; };
		67C0B57528FFDB5800644C22 /* RegisterViewController.swift */ = {isa = PBXFileReference; lastKnownFileType = sourcecode.swift; path = RegisterViewController.swift; sourceTree = "<group>"; };
		67C0B5772900E16100644C22 /* StorageManager.swift */ = {isa = PBXFileReference; lastKnownFileType = sourcecode.swift; path = StorageManager.swift; sourceTree = "<group>"; };
		67ED62E529062ACA00736D0C /* ItemCardCollectionNode.swift */ = {isa = PBXFileReference; lastKnownFileType = sourcecode.swift; path = ItemCardCollectionNode.swift; sourceTree = "<group>"; };
		67ED62E82906385300736D0C /* ItemModel.swift */ = {isa = PBXFileReference; lastKnownFileType = sourcecode.swift; path = ItemModel.swift; sourceTree = "<group>"; };
		67ED62EA29063CB900736D0C /* DataGenerator.swift */ = {isa = PBXFileReference; lastKnownFileType = sourcecode.swift; path = DataGenerator.swift; sourceTree = "<group>"; };
		67EDEA782907698D008BC5A8 /* ItemNode.swift */ = {isa = PBXFileReference; lastKnownFileType = sourcecode.swift; path = ItemNode.swift; sourceTree = "<group>"; };
		67EDEA7B29077804008BC5A8 /* StoryModel.swift */ = {isa = PBXFileReference; lastKnownFileType = sourcecode.swift; path = StoryModel.swift; sourceTree = "<group>"; };
		67EDEA7D2907785D008BC5A8 /* StoryNode.swift */ = {isa = PBXFileReference; lastKnownFileType = sourcecode.swift; path = StoryNode.swift; sourceTree = "<group>"; };
		67EDEA7F2907786D008BC5A8 /* StoryCollectionNode.swift */ = {isa = PBXFileReference; lastKnownFileType = sourcecode.swift; path = StoryCollectionNode.swift; sourceTree = "<group>"; };
		67EDEA842908C506008BC5A8 /* AddProductViewController.swift */ = {isa = PBXFileReference; lastKnownFileType = sourcecode.swift; path = AddProductViewController.swift; sourceTree = "<group>"; };
		67EDEA86290A1B35008BC5A8 /* CustomTabBar.swift */ = {isa = PBXFileReference; lastKnownFileType = sourcecode.swift; path = CustomTabBar.swift; sourceTree = "<group>"; };
		67EDEA8A290AA0DE008BC5A8 /* SearchNode.swift */ = {isa = PBXFileReference; lastKnownFileType = sourcecode.swift; path = SearchNode.swift; sourceTree = "<group>"; };
		67EDEA8C290AA4CE008BC5A8 /* TextFieldNode.swift */ = {isa = PBXFileReference; lastKnownFileType = sourcecode.swift; path = TextFieldNode.swift; sourceTree = "<group>"; };
		FC3FC38B4846AEAF0A652170 /* Pods-Arpegio.release.xcconfig */ = {isa = PBXFileReference; includeInIndex = 1; lastKnownFileType = text.xcconfig; name = "Pods-Arpegio.release.xcconfig"; path = "Target Support Files/Pods-Arpegio/Pods-Arpegio.release.xcconfig"; sourceTree = "<group>"; };
/* End PBXFileReference section */

/* Begin PBXFrameworksBuildPhase section */
		6793F1B928FEEAC600B84B5B /* Frameworks */ = {
			isa = PBXFrameworksBuildPhase;
			buildActionMask = 2147483647;
			files = (
				CDB623A01BA4DE93F9813D0D /* Pods_Arpegio.framework in Frameworks */,
			);
			runOnlyForDeploymentPostprocessing = 0;
		};
/* End PBXFrameworksBuildPhase section */

/* Begin PBXGroup section */
		3107C79CF78234C77D26708E /* Pods */ = {
			isa = PBXGroup;
			children = (
				1701FB231AB967FF284F611E /* Pods-Arpegio.debug.xcconfig */,
				FC3FC38B4846AEAF0A652170 /* Pods-Arpegio.release.xcconfig */,
			);
			path = Pods;
			sourceTree = "<group>";
		};
		67084F1D290F5B4B00D71B43 /* Database */ = {
			isa = PBXGroup;
			children = (
				67C0B57328FFD84400644C22 /* DatabaseManager.swift */,
				67C0B5772900E16100644C22 /* StorageManager.swift */,
			);
			path = Database;
			sourceTree = "<group>";
		};
		67084F20290FA11C00D71B43 /* Category Collection */ = {
			isa = PBXGroup;
			children = (
				67084F21290FA14D00D71B43 /* CategoryNode.swift */,
				67084F23290FA1B200D71B43 /* CategoryCollectionNode.swift */,
			);
			path = "Category Collection";
			sourceTree = "<group>";
		};
		6793F1B328FEEAC600B84B5B = {
			isa = PBXGroup;
			children = (
				6793F1BE28FEEAC600B84B5B /* Arpegio */,
				6793F1BD28FEEAC600B84B5B /* Products */,
				3107C79CF78234C77D26708E /* Pods */,
				7743F035025F792D44768624 /* Frameworks */,
			);
			sourceTree = "<group>";
		};
		6793F1BD28FEEAC600B84B5B /* Products */ = {
			isa = PBXGroup;
			children = (
				6793F1BC28FEEAC600B84B5B /* Arpegio.app */,
			);
			name = Products;
			sourceTree = "<group>";
		};
		6793F1BE28FEEAC600B84B5B /* Arpegio */ = {
			isa = PBXGroup;
			children = (
				67C0B56B28FF966000644C22 /* GoogleService-Info.plist */,
				67084F1D290F5B4B00D71B43 /* Database */,
				67EDEA89290AA0B6008BC5A8 /* Extensions */,
				6793F1D428FEEB2900B84B5B /* View */,
				67ED62E72906381200736D0C /* Model */,
				6793F1D328FEEB1C00B84B5B /* Resources */,
				6793F1C828FEEAC800B84B5B /* Assets.xcassets */,
				6793F1CA28FEEAC800B84B5B /* LaunchScreen.storyboard */,
				6793F1CD28FEEAC800B84B5B /* Info.plist */,
			);
			path = Arpegio;
			sourceTree = "<group>";
		};
		6793F1D328FEEB1C00B84B5B /* Resources */ = {
			isa = PBXGroup;
			children = (
				6793F1BF28FEEAC600B84B5B /* AppDelegate.swift */,
				6793F1C128FEEAC600B84B5B /* SceneDelegate.swift */,
			);
			path = Resources;
			sourceTree = "<group>";
		};
		6793F1D428FEEB2900B84B5B /* View */ = {
			isa = PBXGroup;
			children = (
				67C0B56628FF8CB900644C22 /* Auth */,
				67EDEA812908C288008BC5A8 /* Add Product */,
				67C0B56328FF8C2E00644C22 /* Profile */,
				67C0B56028FF8A7800644C22 /* Home */,
				67EDEA7A290777BC008BC5A8 /* Coba Story */,
				67C0B55D28FF8A5600644C22 /* TabBar */,
			);
			path = View;
			sourceTree = "<group>";
		};
		67C0B55D28FF8A5600644C22 /* TabBar */ = {
			isa = PBXGroup;
			children = (
				67C0B55E28FF8A7000644C22 /* MyTabBarViewController.swift */,
				67EDEA86290A1B35008BC5A8 /* CustomTabBar.swift */,
			);
			path = TabBar;
			sourceTree = "<group>";
		};
		67C0B56028FF8A7800644C22 /* Home */ = {
			isa = PBXGroup;
			children = (
				67C0B56128FF8B7B00644C22 /* HomeViewController.swift */,
				67084F20290FA11C00D71B43 /* Category Collection */,
				67ED62EC290645C000736D0C /* ItemCardCollection */,
			);
			path = Home;
			sourceTree = "<group>";
		};
		67C0B56328FF8C2E00644C22 /* Profile */ = {
			isa = PBXGroup;
			children = (
				67C0B56928FF8D3F00644C22 /* ProfileViewController.swift */,
			);
			path = Profile;
			sourceTree = "<group>";
		};
		67C0B56628FF8CB900644C22 /* Auth */ = {
			isa = PBXGroup;
			children = (
				67C0B56728FF8CDB00644C22 /* WelcomeViewController.swift */,
				67C0B56F28FFABE300644C22 /* LoginViewController.swift */,
				67C0B57528FFDB5800644C22 /* RegisterViewController.swift */,
			);
			path = Auth;
			sourceTree = "<group>";
		};
		67ED62E72906381200736D0C /* Model */ = {
			isa = PBXGroup;
			children = (
				67ED62E82906385300736D0C /* ItemModel.swift */,
				67ED62EA29063CB900736D0C /* DataGenerator.swift */,
				67EDEA7B29077804008BC5A8 /* StoryModel.swift */,
			);
			path = Model;
			sourceTree = "<group>";
		};
		67ED62EC290645C000736D0C /* ItemCardCollection */ = {
			isa = PBXGroup;
			children = (
				67ED62E529062ACA00736D0C /* ItemCardCollectionNode.swift */,
				67EDEA782907698D008BC5A8 /* ItemNode.swift */,
			);
			path = ItemCardCollection;
			sourceTree = "<group>";
		};
		67EDEA7A290777BC008BC5A8 /* Coba Story */ = {
			isa = PBXGroup;
			children = (
				67EDEA7D2907785D008BC5A8 /* StoryNode.swift */,
				67EDEA7F2907786D008BC5A8 /* StoryCollectionNode.swift */,
			);
			path = "Coba Story";
			sourceTree = "<group>";
		};
		67EDEA812908C288008BC5A8 /* Add Product */ = {
			isa = PBXGroup;
			children = (
				67084F1E290F8CF600D71B43 /* AddCategoryProductViewController.swift */,
				67EDEA842908C506008BC5A8 /* AddProductViewController.swift */,
			);
			path = "Add Product";
			sourceTree = "<group>";
		};
		67EDEA89290AA0B6008BC5A8 /* Extensions */ = {
			isa = PBXGroup;
			children = (
				67C0B56D28FFA7DF00644C22 /* Externsions.swift */,
				67EDEA8A290AA0DE008BC5A8 /* SearchNode.swift */,
				67EDEA8C290AA4CE008BC5A8 /* TextFieldNode.swift */,
			);
			path = Extensions;
			sourceTree = "<group>";
		};
		7743F035025F792D44768624 /* Frameworks */ = {
			isa = PBXGroup;
			children = (
				4D82085D807D28C7EEB16741 /* Pods_Arpegio.framework */,
			);
			name = Frameworks;
			sourceTree = "<group>";
		};
/* End PBXGroup section */

/* Begin PBXNativeTarget section */
		6793F1BB28FEEAC600B84B5B /* Arpegio */ = {
			isa = PBXNativeTarget;
			buildConfigurationList = 6793F1D028FEEAC800B84B5B /* Build configuration list for PBXNativeTarget "Arpegio" */;
			buildPhases = (
				0564901FFFCA284203F393F8 /* [CP] Check Pods Manifest.lock */,
				6793F1B828FEEAC600B84B5B /* Sources */,
				6793F1B928FEEAC600B84B5B /* Frameworks */,
				6793F1BA28FEEAC600B84B5B /* Resources */,
				07B3C874A62B55825326183A /* [CP] Embed Pods Frameworks */,
			);
			buildRules = (
			);
			dependencies = (
			);
			name = Arpegio;
			productName = Arpegio;
			productReference = 6793F1BC28FEEAC600B84B5B /* Arpegio.app */;
			productType = "com.apple.product-type.application";
		};
/* End PBXNativeTarget section */

/* Begin PBXProject section */
		6793F1B428FEEAC600B84B5B /* Project object */ = {
			isa = PBXProject;
			attributes = {
				BuildIndependentTargetsInParallel = 1;
				LastSwiftUpdateCheck = 1400;
				LastUpgradeCheck = 1400;
				TargetAttributes = {
					6793F1BB28FEEAC600B84B5B = {
						CreatedOnToolsVersion = 14.0;
					};
				};
			};
			buildConfigurationList = 6793F1B728FEEAC600B84B5B /* Build configuration list for PBXProject "Arpegio" */;
			compatibilityVersion = "Xcode 13.0";
			developmentRegion = en;
			hasScannedForEncodings = 0;
			knownRegions = (
				en,
				Base,
			);
			mainGroup = 6793F1B328FEEAC600B84B5B;
			productRefGroup = 6793F1BD28FEEAC600B84B5B /* Products */;
			projectDirPath = "";
			projectRoot = "";
			targets = (
				6793F1BB28FEEAC600B84B5B /* Arpegio */,
			);
		};
/* End PBXProject section */

/* Begin PBXResourcesBuildPhase section */
		6793F1BA28FEEAC600B84B5B /* Resources */ = {
			isa = PBXResourcesBuildPhase;
			buildActionMask = 2147483647;
			files = (
				6793F1CC28FEEAC800B84B5B /* LaunchScreen.storyboard in Resources */,
				6793F1C928FEEAC800B84B5B /* Assets.xcassets in Resources */,
				67C0B56C28FF966000644C22 /* GoogleService-Info.plist in Resources */,
			);
			runOnlyForDeploymentPostprocessing = 0;
		};
/* End PBXResourcesBuildPhase section */

/* Begin PBXShellScriptBuildPhase section */
		0564901FFFCA284203F393F8 /* [CP] Check Pods Manifest.lock */ = {
			isa = PBXShellScriptBuildPhase;
			buildActionMask = 2147483647;
			files = (
			);
			inputFileListPaths = (
			);
			inputPaths = (
				"${PODS_PODFILE_DIR_PATH}/Podfile.lock",
				"${PODS_ROOT}/Manifest.lock",
			);
			name = "[CP] Check Pods Manifest.lock";
			outputFileListPaths = (
			);
			outputPaths = (
				"$(DERIVED_FILE_DIR)/Pods-Arpegio-checkManifestLockResult.txt",
			);
			runOnlyForDeploymentPostprocessing = 0;
			shellPath = /bin/sh;
			shellScript = "diff \"${PODS_PODFILE_DIR_PATH}/Podfile.lock\" \"${PODS_ROOT}/Manifest.lock\" > /dev/null\nif [ $? != 0 ] ; then\n    # print error to STDERR\n    echo \"error: The sandbox is not in sync with the Podfile.lock. Run 'pod install' or update your CocoaPods installation.\" >&2\n    exit 1\nfi\n# This output is used by Xcode 'outputs' to avoid re-running this script phase.\necho \"SUCCESS\" > \"${SCRIPT_OUTPUT_FILE_0}\"\n";
			showEnvVarsInLog = 0;
		};
		07B3C874A62B55825326183A /* [CP] Embed Pods Frameworks */ = {
			isa = PBXShellScriptBuildPhase;
			buildActionMask = 2147483647;
			files = (
			);
			inputFileListPaths = (
				"${PODS_ROOT}/Target Support Files/Pods-Arpegio/Pods-Arpegio-frameworks-${CONFIGURATION}-input-files.xcfilelist",
			);
			name = "[CP] Embed Pods Frameworks";
			outputFileListPaths = (
				"${PODS_ROOT}/Target Support Files/Pods-Arpegio/Pods-Arpegio-frameworks-${CONFIGURATION}-output-files.xcfilelist",
			);
			runOnlyForDeploymentPostprocessing = 0;
			shellPath = /bin/sh;
			shellScript = "\"${PODS_ROOT}/Target Support Files/Pods-Arpegio/Pods-Arpegio-frameworks.sh\"\n";
			showEnvVarsInLog = 0;
		};
/* End PBXShellScriptBuildPhase section */

/* Begin PBXSourcesBuildPhase section */
		6793F1B828FEEAC600B84B5B /* Sources */ = {
			isa = PBXSourcesBuildPhase;
			buildActionMask = 2147483647;
			files = (
				67C0B56228FF8B7B00644C22 /* HomeViewController.swift in Sources */,
				67084F22290FA14D00D71B43 /* CategoryNode.swift in Sources */,
				67C0B57628FFDB5800644C22 /* RegisterViewController.swift in Sources */,
				67ED62E92906385300736D0C /* ItemModel.swift in Sources */,
				67EDEA852908C506008BC5A8 /* AddProductViewController.swift in Sources */,
				67C0B5782900E16100644C22 /* StorageManager.swift in Sources */,
				67C0B55F28FF8A7000644C22 /* MyTabBarViewController.swift in Sources */,
				67ED62EB29063CB900736D0C /* DataGenerator.swift in Sources */,
				67EDEA792907698D008BC5A8 /* ItemNode.swift in Sources */,
				67EDEA802907786D008BC5A8 /* StoryCollectionNode.swift in Sources */,
				67C0B56828FF8CDB00644C22 /* WelcomeViewController.swift in Sources */,
				67C0B56A28FF8D3F00644C22 /* ProfileViewController.swift in Sources */,
				67EDEA8D290AA4CE008BC5A8 /* TextFieldNode.swift in Sources */,
				67084F1F290F8CF600D71B43 /* AddCategoryProductViewController.swift in Sources */,
				67ED62E629062ACA00736D0C /* ItemCardCollectionNode.swift in Sources */,
				67C0B57028FFABE300644C22 /* LoginViewController.swift in Sources */,
				6793F1C028FEEAC600B84B5B /* AppDelegate.swift in Sources */,
				67C0B56E28FFA7DF00644C22 /* Externsions.swift in Sources */,
				67EDEA8B290AA0DE008BC5A8 /* SearchNode.swift in Sources */,
				67EDEA7E2907785D008BC5A8 /* StoryNode.swift in Sources */,
				67EDEA88290A4398008BC5A8 /* CustomTabBar.swift in Sources */,
				67EDEA7C29077804008BC5A8 /* StoryModel.swift in Sources */,
				6793F1C228FEEAC600B84B5B /* SceneDelegate.swift in Sources */,
				67084F24290FA1B200D71B43 /* CategoryCollectionNode.swift in Sources */,
				67C0B57428FFD84400644C22 /* DatabaseManager.swift in Sources */,
			);
			runOnlyForDeploymentPostprocessing = 0;
		};
/* End PBXSourcesBuildPhase section */

/* Begin PBXVariantGroup section */
		6793F1CA28FEEAC800B84B5B /* LaunchScreen.storyboard */ = {
			isa = PBXVariantGroup;
			children = (
				6793F1CB28FEEAC800B84B5B /* Base */,
			);
			name = LaunchScreen.storyboard;
			sourceTree = "<group>";
		};
/* End PBXVariantGroup section */

/* Begin XCBuildConfiguration section */
		6793F1CE28FEEAC800B84B5B /* Debug */ = {
			isa = XCBuildConfiguration;
			buildSettings = {
				ALWAYS_SEARCH_USER_PATHS = NO;
				CLANG_ANALYZER_NONNULL = YES;
				CLANG_ANALYZER_NUMBER_OBJECT_CONVERSION = YES_AGGRESSIVE;
				CLANG_CXX_LANGUAGE_STANDARD = "gnu++20";
				CLANG_ENABLE_MODULES = YES;
				CLANG_ENABLE_OBJC_ARC = YES;
				CLANG_ENABLE_OBJC_WEAK = YES;
				CLANG_WARN_BLOCK_CAPTURE_AUTORELEASING = YES;
				CLANG_WARN_BOOL_CONVERSION = YES;
				CLANG_WARN_COMMA = YES;
				CLANG_WARN_CONSTANT_CONVERSION = YES;
				CLANG_WARN_DEPRECATED_OBJC_IMPLEMENTATIONS = YES;
				CLANG_WARN_DIRECT_OBJC_ISA_USAGE = YES_ERROR;
				CLANG_WARN_DOCUMENTATION_COMMENTS = YES;
				CLANG_WARN_EMPTY_BODY = YES;
				CLANG_WARN_ENUM_CONVERSION = YES;
				CLANG_WARN_INFINITE_RECURSION = YES;
				CLANG_WARN_INT_CONVERSION = YES;
				CLANG_WARN_NON_LITERAL_NULL_CONVERSION = YES;
				CLANG_WARN_OBJC_IMPLICIT_RETAIN_SELF = YES;
				CLANG_WARN_OBJC_LITERAL_CONVERSION = YES;
				CLANG_WARN_OBJC_ROOT_CLASS = YES_ERROR;
				CLANG_WARN_QUOTED_INCLUDE_IN_FRAMEWORK_HEADER = YES;
				CLANG_WARN_RANGE_LOOP_ANALYSIS = YES;
				CLANG_WARN_STRICT_PROTOTYPES = YES;
				CLANG_WARN_SUSPICIOUS_MOVE = YES;
				CLANG_WARN_UNGUARDED_AVAILABILITY = YES_AGGRESSIVE;
				CLANG_WARN_UNREACHABLE_CODE = YES;
				CLANG_WARN__DUPLICATE_METHOD_MATCH = YES;
				COPY_PHASE_STRIP = NO;
				DEBUG_INFORMATION_FORMAT = dwarf;
				ENABLE_STRICT_OBJC_MSGSEND = YES;
				ENABLE_TESTABILITY = YES;
				GCC_C_LANGUAGE_STANDARD = gnu11;
				GCC_DYNAMIC_NO_PIC = NO;
				GCC_NO_COMMON_BLOCKS = YES;
				GCC_OPTIMIZATION_LEVEL = 0;
				GCC_PREPROCESSOR_DEFINITIONS = (
					"DEBUG=1",
					"$(inherited)",
				);
				GCC_WARN_64_TO_32_BIT_CONVERSION = YES;
				GCC_WARN_ABOUT_RETURN_TYPE = YES_ERROR;
				GCC_WARN_UNDECLARED_SELECTOR = YES;
				GCC_WARN_UNINITIALIZED_AUTOS = YES_AGGRESSIVE;
				GCC_WARN_UNUSED_FUNCTION = YES;
				GCC_WARN_UNUSED_VARIABLE = YES;
				IPHONEOS_DEPLOYMENT_TARGET = 16.0;
				MTL_ENABLE_DEBUG_INFO = INCLUDE_SOURCE;
				MTL_FAST_MATH = YES;
				ONLY_ACTIVE_ARCH = YES;
				SDKROOT = iphoneos;
				SWIFT_ACTIVE_COMPILATION_CONDITIONS = DEBUG;
				SWIFT_OPTIMIZATION_LEVEL = "-Onone";
			};
			name = Debug;
		};
		6793F1CF28FEEAC800B84B5B /* Release */ = {
			isa = XCBuildConfiguration;
			buildSettings = {
				ALWAYS_SEARCH_USER_PATHS = NO;
				CLANG_ANALYZER_NONNULL = YES;
				CLANG_ANALYZER_NUMBER_OBJECT_CONVERSION = YES_AGGRESSIVE;
				CLANG_CXX_LANGUAGE_STANDARD = "gnu++20";
				CLANG_ENABLE_MODULES = YES;
				CLANG_ENABLE_OBJC_ARC = YES;
				CLANG_ENABLE_OBJC_WEAK = YES;
				CLANG_WARN_BLOCK_CAPTURE_AUTORELEASING = YES;
				CLANG_WARN_BOOL_CONVERSION = YES;
				CLANG_WARN_COMMA = YES;
				CLANG_WARN_CONSTANT_CONVERSION = YES;
				CLANG_WARN_DEPRECATED_OBJC_IMPLEMENTATIONS = YES;
				CLANG_WARN_DIRECT_OBJC_ISA_USAGE = YES_ERROR;
				CLANG_WARN_DOCUMENTATION_COMMENTS = YES;
				CLANG_WARN_EMPTY_BODY = YES;
				CLANG_WARN_ENUM_CONVERSION = YES;
				CLANG_WARN_INFINITE_RECURSION = YES;
				CLANG_WARN_INT_CONVERSION = YES;
				CLANG_WARN_NON_LITERAL_NULL_CONVERSION = YES;
				CLANG_WARN_OBJC_IMPLICIT_RETAIN_SELF = YES;
				CLANG_WARN_OBJC_LITERAL_CONVERSION = YES;
				CLANG_WARN_OBJC_ROOT_CLASS = YES_ERROR;
				CLANG_WARN_QUOTED_INCLUDE_IN_FRAMEWORK_HEADER = YES;
				CLANG_WARN_RANGE_LOOP_ANALYSIS = YES;
				CLANG_WARN_STRICT_PROTOTYPES = YES;
				CLANG_WARN_SUSPICIOUS_MOVE = YES;
				CLANG_WARN_UNGUARDED_AVAILABILITY = YES_AGGRESSIVE;
				CLANG_WARN_UNREACHABLE_CODE = YES;
				CLANG_WARN__DUPLICATE_METHOD_MATCH = YES;
				COPY_PHASE_STRIP = NO;
				DEBUG_INFORMATION_FORMAT = "dwarf-with-dsym";
				ENABLE_NS_ASSERTIONS = NO;
				ENABLE_STRICT_OBJC_MSGSEND = YES;
				GCC_C_LANGUAGE_STANDARD = gnu11;
				GCC_NO_COMMON_BLOCKS = YES;
				GCC_WARN_64_TO_32_BIT_CONVERSION = YES;
				GCC_WARN_ABOUT_RETURN_TYPE = YES_ERROR;
				GCC_WARN_UNDECLARED_SELECTOR = YES;
				GCC_WARN_UNINITIALIZED_AUTOS = YES_AGGRESSIVE;
				GCC_WARN_UNUSED_FUNCTION = YES;
				GCC_WARN_UNUSED_VARIABLE = YES;
				IPHONEOS_DEPLOYMENT_TARGET = 16.0;
				MTL_ENABLE_DEBUG_INFO = NO;
				MTL_FAST_MATH = YES;
				SDKROOT = iphoneos;
				SWIFT_COMPILATION_MODE = wholemodule;
				SWIFT_OPTIMIZATION_LEVEL = "-O";
				VALIDATE_PRODUCT = YES;
			};
			name = Release;
		};
		6793F1D128FEEAC800B84B5B /* Debug */ = {
			isa = XCBuildConfiguration;
			baseConfigurationReference = 1701FB231AB967FF284F611E /* Pods-Arpegio.debug.xcconfig */;
			buildSettings = {
				ASSETCATALOG_COMPILER_APPICON_NAME = AppIcon;
				ASSETCATALOG_COMPILER_GLOBAL_ACCENT_COLOR_NAME = AccentColor;
				CODE_SIGN_STYLE = Automatic;
				CURRENT_PROJECT_VERSION = 1;
				DEVELOPMENT_TEAM = 45MQ5Z53TD;
				GENERATE_INFOPLIST_FILE = YES;
				INFOPLIST_FILE = Arpegio/Info.plist;
				INFOPLIST_KEY_UIApplicationSupportsIndirectInputEvents = YES;
				INFOPLIST_KEY_UILaunchStoryboardName = LaunchScreen;
				INFOPLIST_KEY_UISupportedInterfaceOrientations_iPad = "UIInterfaceOrientationPortrait UIInterfaceOrientationPortraitUpsideDown UIInterfaceOrientationLandscapeLeft UIInterfaceOrientationLandscapeRight";
				INFOPLIST_KEY_UISupportedInterfaceOrientations_iPhone = "UIInterfaceOrientationPortrait UIInterfaceOrientationLandscapeLeft UIInterfaceOrientationLandscapeRight";
				IPHONEOS_DEPLOYMENT_TARGET = 14.5;
				LD_RUNPATH_SEARCH_PATHS = (
					"$(inherited)",
					"@executable_path/Frameworks",
				);
				MARKETING_VERSION = 1.0;
				PRODUCT_BUNDLE_IDENTIFIER = com.ilham.Arpegio;
				PRODUCT_NAME = "$(TARGET_NAME)";
				SWIFT_EMIT_LOC_STRINGS = YES;
				SWIFT_VERSION = 5.0;
				TARGETED_DEVICE_FAMILY = "1,2";
			};
			name = Debug;
		};
		6793F1D228FEEAC800B84B5B /* Release */ = {
			isa = XCBuildConfiguration;
			baseConfigurationReference = FC3FC38B4846AEAF0A652170 /* Pods-Arpegio.release.xcconfig */;
			buildSettings = {
				ASSETCATALOG_COMPILER_APPICON_NAME = AppIcon;
				ASSETCATALOG_COMPILER_GLOBAL_ACCENT_COLOR_NAME = AccentColor;
				CODE_SIGN_STYLE = Automatic;
				CURRENT_PROJECT_VERSION = 1;
				DEVELOPMENT_TEAM = 45MQ5Z53TD;
				GENERATE_INFOPLIST_FILE = YES;
				INFOPLIST_FILE = Arpegio/Info.plist;
				INFOPLIST_KEY_UIApplicationSupportsIndirectInputEvents = YES;
				INFOPLIST_KEY_UILaunchStoryboardName = LaunchScreen;
				INFOPLIST_KEY_UISupportedInterfaceOrientations_iPad = "UIInterfaceOrientationPortrait UIInterfaceOrientationPortraitUpsideDown UIInterfaceOrientationLandscapeLeft UIInterfaceOrientationLandscapeRight";
				INFOPLIST_KEY_UISupportedInterfaceOrientations_iPhone = "UIInterfaceOrientationPortrait UIInterfaceOrientationLandscapeLeft UIInterfaceOrientationLandscapeRight";
				IPHONEOS_DEPLOYMENT_TARGET = 14.5;
				LD_RUNPATH_SEARCH_PATHS = (
					"$(inherited)",
					"@executable_path/Frameworks",
				);
				MARKETING_VERSION = 1.0;
				PRODUCT_BUNDLE_IDENTIFIER = com.ilham.Arpegio;
				PRODUCT_NAME = "$(TARGET_NAME)";
				SWIFT_EMIT_LOC_STRINGS = YES;
				SWIFT_VERSION = 5.0;
				TARGETED_DEVICE_FAMILY = "1,2";
			};
			name = Release;
		};
/* End XCBuildConfiguration section */

/* Begin XCConfigurationList section */
		6793F1B728FEEAC600B84B5B /* Build configuration list for PBXProject "Arpegio" */ = {
			isa = XCConfigurationList;
			buildConfigurations = (
				6793F1CE28FEEAC800B84B5B /* Debug */,
				6793F1CF28FEEAC800B84B5B /* Release */,
			);
			defaultConfigurationIsVisible = 0;
			defaultConfigurationName = Release;
		};
		6793F1D028FEEAC800B84B5B /* Build configuration list for PBXNativeTarget "Arpegio" */ = {
			isa = XCConfigurationList;
			buildConfigurations = (
				6793F1D128FEEAC800B84B5B /* Debug */,
				6793F1D228FEEAC800B84B5B /* Release */,
			);
			defaultConfigurationIsVisible = 0;
			defaultConfigurationName = Release;
		};
/* End XCConfigurationList section */
	};
	rootObject = 6793F1B428FEEAC600B84B5B /* Project object */;
}
