// !$*UTF8*$!
{
	archiveVersion = 1;
	classes = {
	};
	objectVersion = 55;
	objects = {

/* Begin PBXBuildFile section */
		67084F1F290F8CF600D71B43 /* AddCategoryProductViewController.swift in Sources */ = {isa = PBXBuildFile; fileRef = 67084F1E290F8CF600D71B43 /* AddCategoryProductViewController.swift */; };
		67168F412977DBDA00C84543 /* ProfileTableViewCell.swift in Sources */ = {isa = PBXBuildFile; fileRef = 67168F402977DBDA00C84543 /* ProfileTableViewCell.swift */; };
		67168F432977DF7500C84543 /* ProfileSecondRowTableViewCell.swift in Sources */ = {isa = PBXBuildFile; fileRef = 67168F422977DF7500C84543 /* ProfileSecondRowTableViewCell.swift */; };
		6735CD412962759200430877 /* FavoriteViewController.swift in Sources */ = {isa = PBXBuildFile; fileRef = 6735CD402962759200430877 /* FavoriteViewController.swift */; };
		6735CD432962766700430877 /* FavoriteTableViewCell.swift in Sources */ = {isa = PBXBuildFile; fileRef = 6735CD422962766700430877 /* FavoriteTableViewCell.swift */; };
		6735CD46296522D000430877 /* MyProductViewController.swift in Sources */ = {isa = PBXBuildFile; fileRef = 6735CD45296522D000430877 /* MyProductViewController.swift */; };
		6735CD482965362A00430877 /* MyProductTableViewCell.swift in Sources */ = {isa = PBXBuildFile; fileRef = 6735CD472965362A00430877 /* MyProductTableViewCell.swift */; };
		676DF17A2939C59C00D2E1F2 /* DetailProductTableViewCell.swift in Sources */ = {isa = PBXBuildFile; fileRef = 676DF1792939C59C00D2E1F2 /* DetailProductTableViewCell.swift */; };
		677525472974F1F700D0BE83 /* RemoteFavoriteDataSource.swift in Sources */ = {isa = PBXBuildFile; fileRef = 677525462974F1F700D0BE83 /* RemoteFavoriteDataSource.swift */; };
		6777AB952946C6D700DF7DE4 /* Realm in Frameworks */ = {isa = PBXBuildFile; productRef = 6777AB942946C6D700DF7DE4 /* Realm */; };
		6777AB972946C6D700DF7DE4 /* RealmSwift in Frameworks */ = {isa = PBXBuildFile; productRef = 6777AB962946C6D700DF7DE4 /* RealmSwift */; };
		6781FEFE2925F51E004A9E47 /* ProductCollectionViewCell.swift in Sources */ = {isa = PBXBuildFile; fileRef = 6781FEFD2925F51E004A9E47 /* ProductCollectionViewCell.swift */; };
		6781FF03292B08B7004A9E47 /* ResultViewController.swift in Sources */ = {isa = PBXBuildFile; fileRef = 6781FF02292B08B7004A9E47 /* ResultViewController.swift */; };
		6781FF06292C941D004A9E47 /* DetailProductViewController.swift in Sources */ = {isa = PBXBuildFile; fileRef = 6781FF05292C941D004A9E47 /* DetailProductViewController.swift */; };
		6793F1C028FEEAC600B84B5B /* AppDelegate.swift in Sources */ = {isa = PBXBuildFile; fileRef = 6793F1BF28FEEAC600B84B5B /* AppDelegate.swift */; };
		6793F1C228FEEAC600B84B5B /* SceneDelegate.swift in Sources */ = {isa = PBXBuildFile; fileRef = 6793F1C128FEEAC600B84B5B /* SceneDelegate.swift */; };
		6793F1C928FEEAC800B84B5B /* Assets.xcassets in Resources */ = {isa = PBXBuildFile; fileRef = 6793F1C828FEEAC800B84B5B /* Assets.xcassets */; };
		6793F1CC28FEEAC800B84B5B /* LaunchScreen.storyboard in Resources */ = {isa = PBXBuildFile; fileRef = 6793F1CA28FEEAC800B84B5B /* LaunchScreen.storyboard */; };
		67C0B55F28FF8A7000644C22 /* MyTabBarViewController.swift in Sources */ = {isa = PBXBuildFile; fileRef = 67C0B55E28FF8A7000644C22 /* MyTabBarViewController.swift */; };
		67C0B56228FF8B7B00644C22 /* HomeViewController.swift in Sources */ = {isa = PBXBuildFile; fileRef = 67C0B56128FF8B7B00644C22 /* HomeViewController.swift */; };
		67C0B56828FF8CDB00644C22 /* WelcomeViewController.swift in Sources */ = {isa = PBXBuildFile; fileRef = 67C0B56728FF8CDB00644C22 /* WelcomeViewController.swift */; };
		67C0B56A28FF8D3F00644C22 /* ProfileViewController.swift in Sources */ = {isa = PBXBuildFile; fileRef = 67C0B56928FF8D3F00644C22 /* ProfileViewController.swift */; };
		67C0B56C28FF966000644C22 /* GoogleService-Info.plist in Resources */ = {isa = PBXBuildFile; fileRef = 67C0B56B28FF966000644C22 /* GoogleService-Info.plist */; };
		67C0B56E28FFA7DF00644C22 /* Externsions.swift in Sources */ = {isa = PBXBuildFile; fileRef = 67C0B56D28FFA7DF00644C22 /* Externsions.swift */; };
		67C0B57028FFABE300644C22 /* LoginViewController.swift in Sources */ = {isa = PBXBuildFile; fileRef = 67C0B56F28FFABE300644C22 /* LoginViewController.swift */; };
		67C0B57428FFD84400644C22 /* DatabaseManager.swift in Sources */ = {isa = PBXBuildFile; fileRef = 67C0B57328FFD84400644C22 /* DatabaseManager.swift */; };
		67C0B57628FFDB5800644C22 /* RegisterViewController.swift in Sources */ = {isa = PBXBuildFile; fileRef = 67C0B57528FFDB5800644C22 /* RegisterViewController.swift */; };
		67C0B5782900E16100644C22 /* StorageManager.swift in Sources */ = {isa = PBXBuildFile; fileRef = 67C0B5772900E16100644C22 /* StorageManager.swift */; };
		67D1B0242921E07900E89F08 /* ItemProductModel.swift in Sources */ = {isa = PBXBuildFile; fileRef = 67D1B0232921E07900E89F08 /* ItemProductModel.swift */; };
		67EDEA852908C506008BC5A8 /* AddProductViewController.swift in Sources */ = {isa = PBXBuildFile; fileRef = 67EDEA842908C506008BC5A8 /* AddProductViewController.swift */; };
		67EDEA88290A4398008BC5A8 /* CustomTabBar.swift in Sources */ = {isa = PBXBuildFile; fileRef = 67EDEA86290A1B35008BC5A8 /* CustomTabBar.swift */; };
		CDB623A01BA4DE93F9813D0D /* Pods_Arpegio.framework in Frameworks */ = {isa = PBXBuildFile; fileRef = 4D82085D807D28C7EEB16741 /* Pods_Arpegio.framework */; };
/* End PBXBuildFile section */

/* Begin PBXFileReference section */
		1701FB231AB967FF284F611E /* Pods-Arpegio.debug.xcconfig */ = {isa = PBXFileReference; includeInIndex = 1; lastKnownFileType = text.xcconfig; name = "Pods-Arpegio.debug.xcconfig"; path = "Target Support Files/Pods-Arpegio/Pods-Arpegio.debug.xcconfig"; sourceTree = "<group>"; };
		4D82085D807D28C7EEB16741 /* Pods_Arpegio.framework */ = {isa = PBXFileReference; explicitFileType = wrapper.framework; includeInIndex = 0; path = Pods_Arpegio.framework; sourceTree = BUILT_PRODUCTS_DIR; };
		67084F1E290F8CF600D71B43 /* AddCategoryProductViewController.swift */ = {isa = PBXFileReference; lastKnownFileType = sourcecode.swift; path = AddCategoryProductViewController.swift; sourceTree = "<group>"; };
		67168F402977DBDA00C84543 /* ProfileTableViewCell.swift */ = {isa = PBXFileReference; lastKnownFileType = sourcecode.swift; path = ProfileTableViewCell.swift; sourceTree = "<group>"; };
		67168F422977DF7500C84543 /* ProfileSecondRowTableViewCell.swift */ = {isa = PBXFileReference; lastKnownFileType = sourcecode.swift; path = ProfileSecondRowTableViewCell.swift; sourceTree = "<group>"; };
		6735CD402962759200430877 /* FavoriteViewController.swift */ = {isa = PBXFileReference; lastKnownFileType = sourcecode.swift; path = FavoriteViewController.swift; sourceTree = "<group>"; };
		6735CD422962766700430877 /* FavoriteTableViewCell.swift */ = {isa = PBXFileReference; lastKnownFileType = sourcecode.swift; path = FavoriteTableViewCell.swift; sourceTree = "<group>"; };
		6735CD45296522D000430877 /* MyProductViewController.swift */ = {isa = PBXFileReference; lastKnownFileType = sourcecode.swift; path = MyProductViewController.swift; sourceTree = "<group>"; };
		6735CD472965362A00430877 /* MyProductTableViewCell.swift */ = {isa = PBXFileReference; lastKnownFileType = sourcecode.swift; path = MyProductTableViewCell.swift; sourceTree = "<group>"; };
		676DF1792939C59C00D2E1F2 /* DetailProductTableViewCell.swift */ = {isa = PBXFileReference; lastKnownFileType = sourcecode.swift; path = DetailProductTableViewCell.swift; sourceTree = "<group>"; };
		677525462974F1F700D0BE83 /* RemoteFavoriteDataSource.swift */ = {isa = PBXFileReference; lastKnownFileType = sourcecode.swift; path = RemoteFavoriteDataSource.swift; sourceTree = "<group>"; };
		6781FEFD2925F51E004A9E47 /* ProductCollectionViewCell.swift */ = {isa = PBXFileReference; lastKnownFileType = sourcecode.swift; path = ProductCollectionViewCell.swift; sourceTree = "<group>"; };
		6781FF02292B08B7004A9E47 /* ResultViewController.swift */ = {isa = PBXFileReference; lastKnownFileType = sourcecode.swift; path = ResultViewController.swift; sourceTree = "<group>"; };
		6781FF05292C941D004A9E47 /* DetailProductViewController.swift */ = {isa = PBXFileReference; lastKnownFileType = sourcecode.swift; path = DetailProductViewController.swift; sourceTree = "<group>"; };
		6793F1BC28FEEAC600B84B5B /* Arpegio.app */ = {isa = PBXFileReference; explicitFileType = wrapper.application; includeInIndex = 0; path = Arpegio.app; sourceTree = BUILT_PRODUCTS_DIR; };
		6793F1BF28FEEAC600B84B5B /* AppDelegate.swift */ = {isa = PBXFileReference; lastKnownFileType = sourcecode.swift; path = AppDelegate.swift; sourceTree = "<group>"; };
		6793F1C128FEEAC600B84B5B /* SceneDelegate.swift */ = {isa = PBXFileReference; lastKnownFileType = sourcecode.swift; path = SceneDelegate.swift; sourceTree = "<group>"; };
		6793F1C828FEEAC800B84B5B /* Assets.xcassets */ = {isa = PBXFileReference; lastKnownFileType = folder.assetcatalog; path = Assets.xcassets; sourceTree = "<group>"; };
		6793F1CB28FEEAC800B84B5B /* Base */ = {isa = PBXFileReference; lastKnownFileType = file.storyboard; name = Base; path = Base.lproj/LaunchScreen.storyboard; sourceTree = "<group>"; };
		6793F1CD28FEEAC800B84B5B /* Info.plist */ = {isa = PBXFileReference; lastKnownFileType = text.plist.xml; path = Info.plist; sourceTree = "<group>"; };
		67C0B55E28FF8A7000644C22 /* MyTabBarViewController.swift */ = {isa = PBXFileReference; lastKnownFileType = sourcecode.swift; path = MyTabBarViewController.swift; sourceTree = "<group>"; };
		67C0B56128FF8B7B00644C22 /* HomeViewController.swift */ = {isa = PBXFileReference; lastKnownFileType = sourcecode.swift; path = HomeViewController.swift; sourceTree = "<group>"; };
		67C0B56728FF8CDB00644C22 /* WelcomeViewController.swift */ = {isa = PBXFileReference; lastKnownFileType = sourcecode.swift; path = WelcomeViewController.swift; sourceTree = "<group>"; };
		67C0B56928FF8D3F00644C22 /* ProfileViewController.swift */ = {isa = PBXFileReference; lastKnownFileType = sourcecode.swift; path = ProfileViewController.swift; sourceTree = "<group>"; };
		67C0B56B28FF966000644C22 /* GoogleService-Info.plist */ = {isa = PBXFileReference; fileEncoding = 4; lastKnownFileType = text.plist.xml; path = "GoogleService-Info.plist"; sourceTree = "<group>"; };
		67C0B56D28FFA7DF00644C22 /* Externsions.swift */ = {isa = PBXFileReference; lastKnownFileType = sourcecode.swift; path = Externsions.swift; sourceTree = "<group>"; };
		67C0B56F28FFABE300644C22 /* LoginViewController.swift */ = {isa = PBXFileReference; lastKnownFileType = sourcecode.swift; path = LoginViewController.swift; sourceTree = "<group>"; };
		67C0B57328FFD84400644C22 /* DatabaseManager.swift */ = {isa = PBXFileReference; lastKnownFileType = sourcecode.swift; path = DatabaseManager.swift; sourceTree = "<group>"; };
		67C0B57528FFDB5800644C22 /* RegisterViewController.swift */ = {isa = PBXFileReference; lastKnownFileType = sourcecode.swift; path = RegisterViewController.swift; sourceTree = "<group>"; };
		67C0B5772900E16100644C22 /* StorageManager.swift */ = {isa = PBXFileReference; lastKnownFileType = sourcecode.swift; path = StorageManager.swift; sourceTree = "<group>"; };
		67D1B0232921E07900E89F08 /* ItemProductModel.swift */ = {isa = PBXFileReference; lastKnownFileType = sourcecode.swift; path = ItemProductModel.swift; sourceTree = "<group>"; };
		67EDEA842908C506008BC5A8 /* AddProductViewController.swift */ = {isa = PBXFileReference; lastKnownFileType = sourcecode.swift; path = AddProductViewController.swift; sourceTree = "<group>"; };
		67EDEA86290A1B35008BC5A8 /* CustomTabBar.swift */ = {isa = PBXFileReference; lastKnownFileType = sourcecode.swift; path = CustomTabBar.swift; sourceTree = "<group>"; };
		FC3FC38B4846AEAF0A652170 /* Pods-Arpegio.release.xcconfig */ = {isa = PBXFileReference; includeInIndex = 1; lastKnownFileType = text.xcconfig; name = "Pods-Arpegio.release.xcconfig"; path = "Target Support Files/Pods-Arpegio/Pods-Arpegio.release.xcconfig"; sourceTree = "<group>"; };
/* End PBXFileReference section */

/* Begin PBXFrameworksBuildPhase section */
		6793F1B928FEEAC600B84B5B /* Frameworks */ = {
			isa = PBXFrameworksBuildPhase;
			buildActionMask = 2147483647;
			files = (
				6777AB972946C6D700DF7DE4 /* RealmSwift in Frameworks */,
				6777AB952946C6D700DF7DE4 /* Realm in Frameworks */,
				CDB623A01BA4DE93F9813D0D /* Pods_Arpegio.framework in Frameworks */,
			);
			runOnlyForDeploymentPostprocessing = 0;
		};
/* End PBXFrameworksBuildPhase section */

/* Begin PBXGroup section */
		3107C79CF78234C77D26708E /* Pods */ = {
			isa = PBXGroup;
			children = (
				1701FB231AB967FF284F611E /* Pods-Arpegio.debug.xcconfig */,
				FC3FC38B4846AEAF0A652170 /* Pods-Arpegio.release.xcconfig */,
			);
			path = Pods;
			sourceTree = "<group>";
		};
		67084F1D290F5B4B00D71B43 /* Database */ = {
			isa = PBXGroup;
			children = (
				67C0B57328FFD84400644C22 /* DatabaseManager.swift */,
				67C0B5772900E16100644C22 /* StorageManager.swift */,
				677525462974F1F700D0BE83 /* RemoteFavoriteDataSource.swift */,
			);
			path = Database;
			sourceTree = "<group>";
		};
		6735CD3F2962757600430877 /* Favorite */ = {
			isa = PBXGroup;
			children = (
				6735CD402962759200430877 /* FavoriteViewController.swift */,
				6735CD422962766700430877 /* FavoriteTableViewCell.swift */,
			);
			path = Favorite;
			sourceTree = "<group>";
		};
		6735CD44296522AF00430877 /* My Product */ = {
			isa = PBXGroup;
			children = (
				6735CD45296522D000430877 /* MyProductViewController.swift */,
				6735CD472965362A00430877 /* MyProductTableViewCell.swift */,
			);
			path = "My Product";
			sourceTree = "<group>";
		};
		6781FEFF292B0876004A9E47 /* Search */ = {
			isa = PBXGroup;
			children = (
				6781FF02292B08B7004A9E47 /* ResultViewController.swift */,
			);
			path = Search;
			sourceTree = "<group>";
		};
		6781FF04292C9400004A9E47 /* Detail */ = {
			isa = PBXGroup;
			children = (
				6781FF05292C941D004A9E47 /* DetailProductViewController.swift */,
				676DF1792939C59C00D2E1F2 /* DetailProductTableViewCell.swift */,
			);
			path = Detail;
			sourceTree = "<group>";
		};
		6793F1B328FEEAC600B84B5B = {
			isa = PBXGroup;
			children = (
				6793F1BE28FEEAC600B84B5B /* Arpegio */,
				6793F1BD28FEEAC600B84B5B /* Products */,
				3107C79CF78234C77D26708E /* Pods */,
				7743F035025F792D44768624 /* Frameworks */,
			);
			sourceTree = "<group>";
		};
		6793F1BD28FEEAC600B84B5B /* Products */ = {
			isa = PBXGroup;
			children = (
				6793F1BC28FEEAC600B84B5B /* Arpegio.app */,
			);
			name = Products;
			sourceTree = "<group>";
		};
		6793F1BE28FEEAC600B84B5B /* Arpegio */ = {
			isa = PBXGroup;
			children = (
				67C0B56B28FF966000644C22 /* GoogleService-Info.plist */,
				67084F1D290F5B4B00D71B43 /* Database */,
				67EDEA89290AA0B6008BC5A8 /* Extensions */,
				6793F1D428FEEB2900B84B5B /* Feature */,
				67ED62E72906381200736D0C /* Model */,
				6793F1D328FEEB1C00B84B5B /* Resources */,
				6793F1C828FEEAC800B84B5B /* Assets.xcassets */,
				6793F1CA28FEEAC800B84B5B /* LaunchScreen.storyboard */,
				6793F1CD28FEEAC800B84B5B /* Info.plist */,
			);
			path = Arpegio;
			sourceTree = "<group>";
		};
		6793F1D328FEEB1C00B84B5B /* Resources */ = {
			isa = PBXGroup;
			children = (
				6793F1BF28FEEAC600B84B5B /* AppDelegate.swift */,
				6793F1C128FEEAC600B84B5B /* SceneDelegate.swift */,
			);
			path = Resources;
			sourceTree = "<group>";
		};
		6793F1D428FEEB2900B84B5B /* Feature */ = {
			isa = PBXGroup;
			children = (
				6735CD44296522AF00430877 /* My Product */,
				6735CD3F2962757600430877 /* Favorite */,
				6781FF04292C9400004A9E47 /* Detail */,
				67C0B56628FF8CB900644C22 /* Auth */,
				67EDEA812908C288008BC5A8 /* Add Product */,
				67C0B56328FF8C2E00644C22 /* Profile */,
				67C0B56028FF8A7800644C22 /* Home */,
				67C0B55D28FF8A5600644C22 /* TabBar */,
			);
			path = Feature;
			sourceTree = "<group>";
		};
		67C0B55D28FF8A5600644C22 /* TabBar */ = {
			isa = PBXGroup;
			children = (
				67C0B55E28FF8A7000644C22 /* MyTabBarViewController.swift */,
				67EDEA86290A1B35008BC5A8 /* CustomTabBar.swift */,
			);
			path = TabBar;
			sourceTree = "<group>";
		};
		67C0B56028FF8A7800644C22 /* Home */ = {
			isa = PBXGroup;
			children = (
				67C0B56128FF8B7B00644C22 /* HomeViewController.swift */,
				6781FEFD2925F51E004A9E47 /* ProductCollectionViewCell.swift */,
				6781FEFF292B0876004A9E47 /* Search */,
			);
			path = Home;
			sourceTree = "<group>";
		};
		67C0B56328FF8C2E00644C22 /* Profile */ = {
			isa = PBXGroup;
			children = (
				67C0B56928FF8D3F00644C22 /* ProfileViewController.swift */,
				67168F402977DBDA00C84543 /* ProfileTableViewCell.swift */,
				67168F422977DF7500C84543 /* ProfileSecondRowTableViewCell.swift */,
			);
			path = Profile;
			sourceTree = "<group>";
		};
		67C0B56628FF8CB900644C22 /* Auth */ = {
			isa = PBXGroup;
			children = (
				67C0B56728FF8CDB00644C22 /* WelcomeViewController.swift */,
				67C0B56F28FFABE300644C22 /* LoginViewController.swift */,
				67C0B57528FFDB5800644C22 /* RegisterViewController.swift */,
			);
			path = Auth;
			sourceTree = "<group>";
		};
		67ED62E72906381200736D0C /* Model */ = {
			isa = PBXGroup;
			children = (
				67D1B0232921E07900E89F08 /* ItemProductModel.swift */,
			);
			path = Model;
			sourceTree = "<group>";
		};
		67EDEA812908C288008BC5A8 /* Add Product */ = {
			isa = PBXGroup;
			children = (
				67084F1E290F8CF600D71B43 /* AddCategoryProductViewController.swift */,
				67EDEA842908C506008BC5A8 /* AddProductViewController.swift */,
			);
			path = "Add Product";
			sourceTree = "<group>";
		};
		67EDEA89290AA0B6008BC5A8 /* Extensions */ = {
			isa = PBXGroup;
			children = (
				67C0B56D28FFA7DF00644C22 /* Externsions.swift */,
			);
			path = Extensions;
			sourceTree = "<group>";
		};
		7743F035025F792D44768624 /* Frameworks */ = {
			isa = PBXGroup;
			children = (
				4D82085D807D28C7EEB16741 /* Pods_Arpegio.framework */,
			);
			name = Frameworks;
			sourceTree = "<group>";
		};
/* End PBXGroup section */

/* Begin PBXNativeTarget section */
		6793F1BB28FEEAC600B84B5B /* Arpegio */ = {
			isa = PBXNativeTarget;
			buildConfigurationList = 6793F1D028FEEAC800B84B5B /* Build configuration list for PBXNativeTarget "Arpegio" */;
			buildPhases = (
				0564901FFFCA284203F393F8 /* [CP] Check Pods Manifest.lock */,
				6793F1B828FEEAC600B84B5B /* Sources */,
				6793F1B928FEEAC600B84B5B /* Frameworks */,
				6793F1BA28FEEAC600B84B5B /* Resources */,
				07B3C874A62B55825326183A /* [CP] Embed Pods Frameworks */,
			);
			buildRules = (
			);
			dependencies = (
			);
			name = Arpegio;
			packageProductDependencies = (
				6777AB942946C6D700DF7DE4 /* Realm */,
				6777AB962946C6D700DF7DE4 /* RealmSwift */,
			);
			productName = Arpegio;
			productReference = 6793F1BC28FEEAC600B84B5B /* Arpegio.app */;
			productType = "com.apple.product-type.application";
		};
/* End PBXNativeTarget section */

/* Begin PBXProject section */
		6793F1B428FEEAC600B84B5B /* Project object */ = {
			isa = PBXProject;
			attributes = {
				BuildIndependentTargetsInParallel = 1;
				LastSwiftUpdateCheck = 1400;
				LastUpgradeCheck = 1400;
				TargetAttributes = {
					6793F1BB28FEEAC600B84B5B = {
						CreatedOnToolsVersion = 14.0;
					};
				};
			};
			buildConfigurationList = 6793F1B728FEEAC600B84B5B /* Build configuration list for PBXProject "Arpegio" */;
			compatibilityVersion = "Xcode 13.0";
			developmentRegion = en;
			hasScannedForEncodings = 0;
			knownRegions = (
				en,
				Base,
			);
			mainGroup = 6793F1B328FEEAC600B84B5B;
			packageReferences = (
				6777AB932946C6D700DF7DE4 /* XCRemoteSwiftPackageReference "realm-swift" */,
			);
			productRefGroup = 6793F1BD28FEEAC600B84B5B /* Products */;
			projectDirPath = "";
			projectRoot = "";
			targets = (
				6793F1BB28FEEAC600B84B5B /* Arpegio */,
			);
		};
/* End PBXProject section */

/* Begin PBXResourcesBuildPhase section */
		6793F1BA28FEEAC600B84B5B /* Resources */ = {
			isa = PBXResourcesBuildPhase;
			buildActionMask = 2147483647;
			files = (
				6793F1CC28FEEAC800B84B5B /* LaunchScreen.storyboard in Resources */,
				6793F1C928FEEAC800B84B5B /* Assets.xcassets in Resources */,
				67C0B56C28FF966000644C22 /* GoogleService-Info.plist in Resources */,
			);
			runOnlyForDeploymentPostprocessing = 0;
		};
/* End PBXResourcesBuildPhase section */

/* Begin PBXShellScriptBuildPhase section */
		0564901FFFCA284203F393F8 /* [CP] Check Pods Manifest.lock */ = {
			isa = PBXShellScriptBuildPhase;
			buildActionMask = 2147483647;
			files = (
			);
			inputFileListPaths = (
			);
			inputPaths = (
				"${PODS_PODFILE_DIR_PATH}/Podfile.lock",
				"${PODS_ROOT}/Manifest.lock",
			);
			name = "[CP] Check Pods Manifest.lock";
			outputFileListPaths = (
			);
			outputPaths = (
				"$(DERIVED_FILE_DIR)/Pods-Arpegio-checkManifestLockResult.txt",
			);
			runOnlyForDeploymentPostprocessing = 0;
			shellPath = /bin/sh;
			shellScript = "diff \"${PODS_PODFILE_DIR_PATH}/Podfile.lock\" \"${PODS_ROOT}/Manifest.lock\" > /dev/null\nif [ $? != 0 ] ; then\n    # print error to STDERR\n    echo \"error: The sandbox is not in sync with the Podfile.lock. Run 'pod install' or update your CocoaPods installation.\" >&2\n    exit 1\nfi\n# This output is used by Xcode 'outputs' to avoid re-running this script phase.\necho \"SUCCESS\" > \"${SCRIPT_OUTPUT_FILE_0}\"\n";
			showEnvVarsInLog = 0;
		};
		07B3C874A62B55825326183A /* [CP] Embed Pods Frameworks */ = {
			isa = PBXShellScriptBuildPhase;
			buildActionMask = 2147483647;
			files = (
			);
			inputFileListPaths = (
				"${PODS_ROOT}/Target Support Files/Pods-Arpegio/Pods-Arpegio-frameworks-${CONFIGURATION}-input-files.xcfilelist",
			);
			name = "[CP] Embed Pods Frameworks";
			outputFileListPaths = (
				"${PODS_ROOT}/Target Support Files/Pods-Arpegio/Pods-Arpegio-frameworks-${CONFIGURATION}-output-files.xcfilelist",
			);
			runOnlyForDeploymentPostprocessing = 0;
			shellPath = /bin/sh;
			shellScript = "\"${PODS_ROOT}/Target Support Files/Pods-Arpegio/Pods-Arpegio-frameworks.sh\"\n";
			showEnvVarsInLog = 0;
		};
/* End PBXShellScriptBuildPhase section */

/* Begin PBXSourcesBuildPhase section */
		6793F1B828FEEAC600B84B5B /* Sources */ = {
			isa = PBXSourcesBuildPhase;
			buildActionMask = 2147483647;
			files = (
				67C0B56228FF8B7B00644C22 /* HomeViewController.swift in Sources */,
				6781FEFE2925F51E004A9E47 /* ProductCollectionViewCell.swift in Sources */,
				67C0B57628FFDB5800644C22 /* RegisterViewController.swift in Sources */,
				67EDEA852908C506008BC5A8 /* AddProductViewController.swift in Sources */,
				67168F432977DF7500C84543 /* ProfileSecondRowTableViewCell.swift in Sources */,
				6735CD46296522D000430877 /* MyProductViewController.swift in Sources */,
				67C0B5782900E16100644C22 /* StorageManager.swift in Sources */,
				67C0B55F28FF8A7000644C22 /* MyTabBarViewController.swift in Sources */,
				67D1B0242921E07900E89F08 /* ItemProductModel.swift in Sources */,
				67C0B56828FF8CDB00644C22 /* WelcomeViewController.swift in Sources */,
				6735CD432962766700430877 /* FavoriteTableViewCell.swift in Sources */,
				67C0B56A28FF8D3F00644C22 /* ProfileViewController.swift in Sources */,
				67084F1F290F8CF600D71B43 /* AddCategoryProductViewController.swift in Sources */,
				67168F412977DBDA00C84543 /* ProfileTableViewCell.swift in Sources */,
				6735CD482965362A00430877 /* MyProductTableViewCell.swift in Sources */,
				67C0B57028FFABE300644C22 /* LoginViewController.swift in Sources */,
				6735CD412962759200430877 /* FavoriteViewController.swift in Sources */,
				676DF17A2939C59C00D2E1F2 /* DetailProductTableViewCell.swift in Sources */,
				677525472974F1F700D0BE83 /* RemoteFavoriteDataSource.swift in Sources */,
				6793F1C028FEEAC600B84B5B /* AppDelegate.swift in Sources */,
				67C0B56E28FFA7DF00644C22 /* Externsions.swift in Sources */,
				67EDEA88290A4398008BC5A8 /* CustomTabBar.swift in Sources */,
				6793F1C228FEEAC600B84B5B /* SceneDelegate.swift in Sources */,
				6781FF03292B08B7004A9E47 /* ResultViewController.swift in Sources */,
				6781FF06292C941D004A9E47 /* DetailProductViewController.swift in Sources */,
				67C0B57428FFD84400644C22 /* DatabaseManager.swift in Sources */,
			);
			runOnlyForDeploymentPostprocessing = 0;
		};
/* End PBXSourcesBuildPhase section */

/* Begin PBXVariantGroup section */
		6793F1CA28FEEAC800B84B5B /* LaunchScreen.storyboard */ = {
			isa = PBXVariantGroup;
			children = (
				6793F1CB28FEEAC800B84B5B /* Base */,
			);
			name = LaunchScreen.storyboard;
			sourceTree = "<group>";
		};
/* End PBXVariantGroup section */

/* Begin XCBuildConfiguration section */
		6793F1CE28FEEAC800B84B5B /* Debug */ = {
			isa = XCBuildConfiguration;
			buildSettings = {
				ALWAYS_SEARCH_USER_PATHS = NO;
				CLANG_ANALYZER_NONNULL = YES;
				CLANG_ANALYZER_NUMBER_OBJECT_CONVERSION = YES_AGGRESSIVE;
				CLANG_CXX_LANGUAGE_STANDARD = "gnu++20";
				CLANG_ENABLE_MODULES = YES;
				CLANG_ENABLE_OBJC_ARC = YES;
				CLANG_ENABLE_OBJC_WEAK = YES;
				CLANG_WARN_BLOCK_CAPTURE_AUTORELEASING = YES;
				CLANG_WARN_BOOL_CONVERSION = YES;
				CLANG_WARN_COMMA = YES;
				CLANG_WARN_CONSTANT_CONVERSION = YES;
				CLANG_WARN_DEPRECATED_OBJC_IMPLEMENTATIONS = YES;
				CLANG_WARN_DIRECT_OBJC_ISA_USAGE = YES_ERROR;
				CLANG_WARN_DOCUMENTATION_COMMENTS = YES;
				CLANG_WARN_EMPTY_BODY = YES;
				CLANG_WARN_ENUM_CONVERSION = YES;
				CLANG_WARN_INFINITE_RECURSION = YES;
				CLANG_WARN_INT_CONVERSION = YES;
				CLANG_WARN_NON_LITERAL_NULL_CONVERSION = YES;
				CLANG_WARN_OBJC_IMPLICIT_RETAIN_SELF = YES;
				CLANG_WARN_OBJC_LITERAL_CONVERSION = YES;
				CLANG_WARN_OBJC_ROOT_CLASS = YES_ERROR;
				CLANG_WARN_QUOTED_INCLUDE_IN_FRAMEWORK_HEADER = YES;
				CLANG_WARN_RANGE_LOOP_ANALYSIS = YES;
				CLANG_WARN_STRICT_PROTOTYPES = YES;
				CLANG_WARN_SUSPICIOUS_MOVE = YES;
				CLANG_WARN_UNGUARDED_AVAILABILITY = YES_AGGRESSIVE;
				CLANG_WARN_UNREACHABLE_CODE = YES;
				CLANG_WARN__DUPLICATE_METHOD_MATCH = YES;
				COPY_PHASE_STRIP = NO;
				DEBUG_INFORMATION_FORMAT = dwarf;
				ENABLE_STRICT_OBJC_MSGSEND = YES;
				ENABLE_TESTABILITY = YES;
				GCC_C_LANGUAGE_STANDARD = gnu11;
				GCC_DYNAMIC_NO_PIC = NO;
				GCC_NO_COMMON_BLOCKS = YES;
				GCC_OPTIMIZATION_LEVEL = 0;
				GCC_PREPROCESSOR_DEFINITIONS = (
					"DEBUG=1",
					"$(inherited)",
				);
				GCC_WARN_64_TO_32_BIT_CONVERSION = YES;
				GCC_WARN_ABOUT_RETURN_TYPE = YES_ERROR;
				GCC_WARN_UNDECLARED_SELECTOR = YES;
				GCC_WARN_UNINITIALIZED_AUTOS = YES_AGGRESSIVE;
				GCC_WARN_UNUSED_FUNCTION = YES;
				GCC_WARN_UNUSED_VARIABLE = YES;
				IPHONEOS_DEPLOYMENT_TARGET = 16.0;
				MTL_ENABLE_DEBUG_INFO = INCLUDE_SOURCE;
				MTL_FAST_MATH = YES;
				ONLY_ACTIVE_ARCH = YES;
				SDKROOT = iphoneos;
				SWIFT_ACTIVE_COMPILATION_CONDITIONS = DEBUG;
				SWIFT_OPTIMIZATION_LEVEL = "-Onone";
			};
			name = Debug;
		};
		6793F1CF28FEEAC800B84B5B /* Release */ = {
			isa = XCBuildConfiguration;
			buildSettings = {
				ALWAYS_SEARCH_USER_PATHS = NO;
				CLANG_ANALYZER_NONNULL = YES;
				CLANG_ANALYZER_NUMBER_OBJECT_CONVERSION = YES_AGGRESSIVE;
				CLANG_CXX_LANGUAGE_STANDARD = "gnu++20";
				CLANG_ENABLE_MODULES = YES;
				CLANG_ENABLE_OBJC_ARC = YES;
				CLANG_ENABLE_OBJC_WEAK = YES;
				CLANG_WARN_BLOCK_CAPTURE_AUTORELEASING = YES;
				CLANG_WARN_BOOL_CONVERSION = YES;
				CLANG_WARN_COMMA = YES;
				CLANG_WARN_CONSTANT_CONVERSION = YES;
				CLANG_WARN_DEPRECATED_OBJC_IMPLEMENTATIONS = YES;
				CLANG_WARN_DIRECT_OBJC_ISA_USAGE = YES_ERROR;
				CLANG_WARN_DOCUMENTATION_COMMENTS = YES;
				CLANG_WARN_EMPTY_BODY = YES;
				CLANG_WARN_ENUM_CONVERSION = YES;
				CLANG_WARN_INFINITE_RECURSION = YES;
				CLANG_WARN_INT_CONVERSION = YES;
				CLANG_WARN_NON_LITERAL_NULL_CONVERSION = YES;
				CLANG_WARN_OBJC_IMPLICIT_RETAIN_SELF = YES;
				CLANG_WARN_OBJC_LITERAL_CONVERSION = YES;
				CLANG_WARN_OBJC_ROOT_CLASS = YES_ERROR;
				CLANG_WARN_QUOTED_INCLUDE_IN_FRAMEWORK_HEADER = YES;
				CLANG_WARN_RANGE_LOOP_ANALYSIS = YES;
				CLANG_WARN_STRICT_PROTOTYPES = YES;
				CLANG_WARN_SUSPICIOUS_MOVE = YES;
				CLANG_WARN_UNGUARDED_AVAILABILITY = YES_AGGRESSIVE;
				CLANG_WARN_UNREACHABLE_CODE = YES;
				CLANG_WARN__DUPLICATE_METHOD_MATCH = YES;
				COPY_PHASE_STRIP = NO;
				DEBUG_INFORMATION_FORMAT = "dwarf-with-dsym";
				ENABLE_NS_ASSERTIONS = NO;
				ENABLE_STRICT_OBJC_MSGSEND = YES;
				GCC_C_LANGUAGE_STANDARD = gnu11;
				GCC_NO_COMMON_BLOCKS = YES;
				GCC_WARN_64_TO_32_BIT_CONVERSION = YES;
				GCC_WARN_ABOUT_RETURN_TYPE = YES_ERROR;
				GCC_WARN_UNDECLARED_SELECTOR = YES;
				GCC_WARN_UNINITIALIZED_AUTOS = YES_AGGRESSIVE;
				GCC_WARN_UNUSED_FUNCTION = YES;
				GCC_WARN_UNUSED_VARIABLE = YES;
				IPHONEOS_DEPLOYMENT_TARGET = 16.0;
				MTL_ENABLE_DEBUG_INFO = NO;
				MTL_FAST_MATH = YES;
				SDKROOT = iphoneos;
				SWIFT_COMPILATION_MODE = wholemodule;
				SWIFT_OPTIMIZATION_LEVEL = "-O";
				VALIDATE_PRODUCT = YES;
			};
			name = Release;
		};
		6793F1D128FEEAC800B84B5B /* Debug */ = {
			isa = XCBuildConfiguration;
			baseConfigurationReference = 1701FB231AB967FF284F611E /* Pods-Arpegio.debug.xcconfig */;
			buildSettings = {
				ASSETCATALOG_COMPILER_APPICON_NAME = AppIcon;
				ASSETCATALOG_COMPILER_GLOBAL_ACCENT_COLOR_NAME = AccentColor;
				CODE_SIGN_STYLE = Automatic;
				CURRENT_PROJECT_VERSION = 1;
				DEVELOPMENT_TEAM = 45MQ5Z53TD;
				GENERATE_INFOPLIST_FILE = YES;
				INFOPLIST_FILE = Arpegio/Info.plist;
				INFOPLIST_KEY_UIApplicationSupportsIndirectInputEvents = YES;
				INFOPLIST_KEY_UILaunchStoryboardName = LaunchScreen;
				INFOPLIST_KEY_UISupportedInterfaceOrientations_iPad = "UIInterfaceOrientationPortrait UIInterfaceOrientationPortraitUpsideDown UIInterfaceOrientationLandscapeLeft UIInterfaceOrientationLandscapeRight";
				INFOPLIST_KEY_UISupportedInterfaceOrientations_iPhone = "UIInterfaceOrientationPortrait UIInterfaceOrientationLandscapeLeft UIInterfaceOrientationLandscapeRight";
				INFOPLIST_KEY_UIUserInterfaceStyle = Light;
				IPHONEOS_DEPLOYMENT_TARGET = 14.5;
				LD_RUNPATH_SEARCH_PATHS = (
					"$(inherited)",
					"@executable_path/Frameworks",
				);
				MARKETING_VERSION = 1.0;
				PRODUCT_BUNDLE_IDENTIFIER = com.ilham.Arpegio;
				PRODUCT_NAME = "$(TARGET_NAME)";
				SWIFT_EMIT_LOC_STRINGS = YES;
				SWIFT_VERSION = 5.0;
				TARGETED_DEVICE_FAMILY = "1,2";
			};
			name = Debug;
		};
		6793F1D228FEEAC800B84B5B /* Release */ = {
			isa = XCBuildConfiguration;
			baseConfigurationReference = FC3FC38B4846AEAF0A652170 /* Pods-Arpegio.release.xcconfig */;
			buildSettings = {
				ASSETCATALOG_COMPILER_APPICON_NAME = AppIcon;
				ASSETCATALOG_COMPILER_GLOBAL_ACCENT_COLOR_NAME = AccentColor;
				CODE_SIGN_STYLE = Automatic;
				CURRENT_PROJECT_VERSION = 1;
				DEVELOPMENT_TEAM = 45MQ5Z53TD;
				GENERATE_INFOPLIST_FILE = YES;
				INFOPLIST_FILE = Arpegio/Info.plist;
				INFOPLIST_KEY_UIApplicationSupportsIndirectInputEvents = YES;
				INFOPLIST_KEY_UILaunchStoryboardName = LaunchScreen;
				INFOPLIST_KEY_UISupportedInterfaceOrientations_iPad = "UIInterfaceOrientationPortrait UIInterfaceOrientationPortraitUpsideDown UIInterfaceOrientationLandscapeLeft UIInterfaceOrientationLandscapeRight";
				INFOPLIST_KEY_UISupportedInterfaceOrientations_iPhone = "UIInterfaceOrientationPortrait UIInterfaceOrientationLandscapeLeft UIInterfaceOrientationLandscapeRight";
				INFOPLIST_KEY_UIUserInterfaceStyle = Light;
				IPHONEOS_DEPLOYMENT_TARGET = 14.5;
				LD_RUNPATH_SEARCH_PATHS = (
					"$(inherited)",
					"@executable_path/Frameworks",
				);
				MARKETING_VERSION = 1.0;
				PRODUCT_BUNDLE_IDENTIFIER = com.ilham.Arpegio;
				PRODUCT_NAME = "$(TARGET_NAME)";
				SWIFT_EMIT_LOC_STRINGS = YES;
				SWIFT_VERSION = 5.0;
				TARGETED_DEVICE_FAMILY = "1,2";
			};
			name = Release;
		};
/* End XCBuildConfiguration section */

/* Begin XCConfigurationList section */
		6793F1B728FEEAC600B84B5B /* Build configuration list for PBXProject "Arpegio" */ = {
			isa = XCConfigurationList;
			buildConfigurations = (
				6793F1CE28FEEAC800B84B5B /* Debug */,
				6793F1CF28FEEAC800B84B5B /* Release */,
			);
			defaultConfigurationIsVisible = 0;
			defaultConfigurationName = Release;
		};
		6793F1D028FEEAC800B84B5B /* Build configuration list for PBXNativeTarget "Arpegio" */ = {
			isa = XCConfigurationList;
			buildConfigurations = (
				6793F1D128FEEAC800B84B5B /* Debug */,
				6793F1D228FEEAC800B84B5B /* Release */,
			);
			defaultConfigurationIsVisible = 0;
			defaultConfigurationName = Release;
		};
/* End XCConfigurationList section */

/* Begin XCRemoteSwiftPackageReference section */
		6777AB932946C6D700DF7DE4 /* XCRemoteSwiftPackageReference "realm-swift" */ = {
			isa = XCRemoteSwiftPackageReference;
			repositoryURL = "https://github.com/realm/realm-swift";
			requirement = {
				branch = master;
				kind = branch;
			};
		};
/* End XCRemoteSwiftPackageReference section */

/* Begin XCSwiftPackageProductDependency section */
		6777AB942946C6D700DF7DE4 /* Realm */ = {
			isa = XCSwiftPackageProductDependency;
			package = 6777AB932946C6D700DF7DE4 /* XCRemoteSwiftPackageReference "realm-swift" */;
			productName = Realm;
		};
		6777AB962946C6D700DF7DE4 /* RealmSwift */ = {
			isa = XCSwiftPackageProductDependency;
			package = 6777AB932946C6D700DF7DE4 /* XCRemoteSwiftPackageReference "realm-swift" */;
			productName = RealmSwift;
		};
/* End XCSwiftPackageProductDependency section */
	};
	rootObject = 6793F1B428FEEAC600B84B5B /* Project object */;
}
